github.com/zhangyiming748/getInfo v0.0.2 h1:4j7pThNu0wugE+sKthzWVRhTmWru7iKf4zVgsHk8i3E=
github.com/zhangyiming748/getInfo v0.0.2/go.mod h1:tYQITf2hn6nYAucVM8WlRYIvNMmvxYgf1IV1ZRgkKUQ=
github.com/zhangyiming748/log v0.0.3 h1:SL2zmxLElyuT4AyVegxm2hEPT1ZAw6V0J5kRIUjKEss=
github.com/zhangyiming748/log v0.0.3/go.mod h1:0AuXMXYc1C1Q1nH2H4vipsrOTfANNf4oaZtDcT2GKk4=
github.com/zhangyiming748/replace v0.0.4 h1:MttKBU+2pFNofExc1oUY0vaEsRV0lGiAyPSdyIn7/Co=
github.com/zhangyiming748/replace v0.0.4/go.mod h1:R3otYn+0qxaHOVaz0LafMwoDjhTexJijrLgfcDyOYCQ=
github.com/zhangyiming748/voiceAlert v0.0.4 h1:z6X/3THWle8XENBpmgidfFc3Rfsm0Im28oIYKt2FCso=
github.com/zhangyiming748/voiceAlert v0.0.4/go.mod h1:ReSkuJK/eAGpWs1k5MvAAe2WTKKQly6LzbOZ6FoHk6Y=
github.com/zhangyiming748/voiceAlert v0.0.10 h1:xnUtOU1C1trDJRP+O8bpljSUXshTj8QsaQ7S5tlujlM=
github.com/zhangyiming748/voiceAlert v0.0.10/go.mod h1:oFew7f5AXzL8UyEuXF2iEcmyK31x3zaIMUJzDxWEQug=
